{
  "name": "aniMusic",
  "lockfileVersion": 3,
  "requires": true,
  "packages": {
    "": {
      "dependencies": {
        "@vant/weapp": "^1.11.3",
        "hy-event-store": "^1.3.1"
      }
    },
    "node_modules/@vant/weapp": {
      "version": "1.11.3",
      "resolved": "https://registry.npmjs.org/@vant/weapp/-/weapp-1.11.3.tgz",
      "integrity": "sha512-qaqZV2SuCZ7nZ1nwndDfkTPFgYEp7O5i3uxzVM1CV4/MQ+mc2TikgTcXXfn4oGr3BsaoyuoAsINeRP9/bP8q9w=="
    },
    "node_modules/hy-event-store": {
      "version": "1.3.1",
      "resolved": "https://registry.npmjs.org/hy-event-store/-/hy-event-store-1.3.1.tgz",
      "integrity": "sha512-uD+14mz4ONiAs9cX/csjUJ2pHTPFciE3JvIbZ+lsbaXopZWbnETEjwJ0a4l5GqNGcltcW3gJjlnUXCJPBoABfg=="
    }
  }
}
